
Microsoft Visual Studio Solution File, Format Version 12.00
# Visual Studio Version 16
VisualStudioVersion = 16.0.29709.97
MinimumVisualStudioVersion = 10.0.40219.1
Project("{FAE04EC0-301F-11D3-BF4B-00C04F79EFBC}") = "ARPEGOS.Android", "ARPEGOS.Android\ARPEGOS.Android.csproj", "{94BE4B19-1E29-4B11-BE2A-4AD4461BD726}"
EndProject
Project("{FAE04EC0-301F-11D3-BF4B-00C04F79EFBC}") = "ARPEGOS.iOS", "ARPEGOS.iOS\ARPEGOS.iOS.csproj", "{84AD4137-C5E7-45DB-800F-8249A5A17FB9}"
EndProject
Project("{9A19103F-16F7-4668-BE54-9A1E7A4F7556}") = "ARPEGOS", "ARPEGOS\ARPEGOS.csproj", "{B4C59A26-66E7-43C4-BBDF-ED5371ADCF43}"
EndProject
Project("{FAE04EC0-301F-11D3-BF4B-00C04F79EFBC}") = "ARPEGOS.Legacy", "ARPEGOS.Legacy\ARPEGOS.Legacy.csproj", "{EE5CDDB1-AB97-4161-98A6-FAA5F5693383}"
EndProject
Global
	GlobalSection(SolutionConfigurationPlatforms) = preSolution
		Debug|Any CPU = Debug|Any CPU
		Debug|iPhone = Debug|iPhone
		Debug|iPhoneSimulator = Debug|iPhoneSimulator
		Release|Any CPU = Release|Any CPU
		Release|iPhone = Release|iPhone
		Release|iPhoneSimulator = Release|iPhoneSimulator
	EndGlobalSection
	GlobalSection(ProjectConfigurationPlatforms) = postSolution
		{94BE4B19-1E29-4B11-BE2A-4AD4461BD726}.Debug|Any CPU.ActiveCfg = Debug|Any CPU
		{94BE4B19-1E29-4B11-BE2A-4AD4461BD726}.Debug|Any CPU.Build.0 = Debug|Any CPU
		{94BE4B19-1E29-4B11-BE2A-4AD4461BD726}.Debug|Any CPU.Deploy.0 = Debug|Any CPU
		{94BE4B19-1E29-4B11-BE2A-4AD4461BD726}.Debug|iPhone.ActiveCfg = Debug|Any CPU
		{94BE4B19-1E29-4B11-BE2A-4AD4461BD726}.Debug|iPhone.Build.0 = Debug|Any CPU
		{94BE4B19-1E29-4B11-BE2A-4AD4461BD726}.Debug|iPhone.Deploy.0 = Debug|Any CPU
		{94BE4B19-1E29-4B11-BE2A-4AD4461BD726}.Debug|iPhoneSimulator.ActiveCfg = Debug|Any CPU
		{94BE4B19-1E29-4B11-BE2A-4AD4461BD726}.Debug|iPhoneSimulator.Build.0 = Debug|Any CPU
		{94BE4B19-1E29-4B11-BE2A-4AD4461BD726}.Debug|iPhoneSimulator.Deploy.0 = Debug|Any CPU
		{94BE4B19-1E29-4B11-BE2A-4AD4461BD726}.Release|Any CPU.ActiveCfg = Release|Any CPU
		{94BE4B19-1E29-4B11-BE2A-4AD4461BD726}.Release|Any CPU.Build.0 = Release|Any CPU
		{94BE4B19-1E29-4B11-BE2A-4AD4461BD726}.Release|Any CPU.Deploy.0 = Release|Any CPU
		{94BE4B19-1E29-4B11-BE2A-4AD4461BD726}.Release|iPhone.ActiveCfg = Release|Any CPU
		{94BE4B19-1E29-4B11-BE2A-4AD4461BD726}.Release|iPhone.Build.0 = Release|Any CPU
		{94BE4B19-1E29-4B11-BE2A-4AD4461BD726}.Release|iPhone.Deploy.0 = Release|Any CPU
		{94BE4B19-1E29-4B11-BE2A-4AD4461BD726}.Release|iPhoneSimulator.ActiveCfg = Release|Any CPU
		{94BE4B19-1E29-4B11-BE2A-4AD4461BD726}.Release|iPhoneSimulator.Build.0 = Release|Any CPU
		{94BE4B19-1E29-4B11-BE2A-4AD4461BD726}.Release|iPhoneSimulator.Deploy.0 = Release|Any CPU
		{84AD4137-C5E7-45DB-800F-8249A5A17FB9}.Debug|Any CPU.ActiveCfg = Debug|iPhoneSimulator
		{84AD4137-C5E7-45DB-800F-8249A5A17FB9}.Debug|Any CPU.Build.0 = Debug|iPhoneSimulator
		{84AD4137-C5E7-45DB-800F-8249A5A17FB9}.Debug|Any CPU.Deploy.0 = Debug|iPhoneSimulator
		{84AD4137-C5E7-45DB-800F-8249A5A17FB9}.Debug|iPhone.ActiveCfg = Debug|iPhone
		{84AD4137-C5E7-45DB-800F-8249A5A17FB9}.Debug|iPhone.Build.0 = Debug|iPhone
		{84AD4137-C5E7-45DB-800F-8249A5A17FB9}.Debug|iPhone.Deploy.0 = Debug|iPhone
		{84AD4137-C5E7-45DB-800F-8249A5A17FB9}.Debug|iPhoneSimulator.ActiveCfg = Debug|iPhoneSimulator
		{84AD4137-C5E7-45DB-800F-8249A5A17FB9}.Debug|iPhoneSimulator.Deploy.0 = Debug|iPhoneSimulator
		{84AD4137-C5E7-45DB-800F-8249A5A17FB9}.Release|Any CPU.ActiveCfg = Release|iPhone
		{84AD4137-C5E7-45DB-800F-8249A5A17FB9}.Release|Any CPU.Build.0 = Release|iPhone
		{84AD4137-C5E7-45DB-800F-8249A5A17FB9}.Release|Any CPU.Deploy.0 = Release|iPhone
		{84AD4137-C5E7-45DB-800F-8249A5A17FB9}.Release|iPhone.ActiveCfg = Release|iPhone
		{84AD4137-C5E7-45DB-800F-8249A5A17FB9}.Release|iPhone.Build.0 = Release|iPhone
		{84AD4137-C5E7-45DB-800F-8249A5A17FB9}.Release|iPhone.Deploy.0 = Release|iPhone
		{84AD4137-C5E7-45DB-800F-8249A5A17FB9}.Release|iPhoneSimulator.ActiveCfg = Release|iPhoneSimulator
		{84AD4137-C5E7-45DB-800F-8249A5A17FB9}.Release|iPhoneSimulator.Build.0 = Release|iPhoneSimulator
		{84AD4137-C5E7-45DB-800F-8249A5A17FB9}.Release|iPhoneSimulator.Deploy.0 = Release|iPhoneSimulator
		{B4C59A26-66E7-43C4-BBDF-ED5371ADCF43}.Debug|Any CPU.ActiveCfg = Debug|Any CPU
		{B4C59A26-66E7-43C4-BBDF-ED5371ADCF43}.Debug|Any CPU.Build.0 = Debug|Any CPU
		{B4C59A26-66E7-43C4-BBDF-ED5371ADCF43}.Debug|Any CPU.Deploy.0 = Debug|Any CPU
		{B4C59A26-66E7-43C4-BBDF-ED5371ADCF43}.Debug|iPhone.ActiveCfg = Debug|Any CPU
		{B4C59A26-66E7-43C4-BBDF-ED5371ADCF43}.Debug|iPhone.Build.0 = Debug|Any CPU
		{B4C59A26-66E7-43C4-BBDF-ED5371ADCF43}.Debug|iPhone.Deploy.0 = Debug|Any CPU
		{B4C59A26-66E7-43C4-BBDF-ED5371ADCF43}.Debug|iPhoneSimulator.ActiveCfg = Debug|Any CPU
		{B4C59A26-66E7-43C4-BBDF-ED5371ADCF43}.Debug|iPhoneSimulator.Build.0 = Debug|Any CPU
		{B4C59A26-66E7-43C4-BBDF-ED5371ADCF43}.Debug|iPhoneSimulator.Deploy.0 = Debug|Any CPU
		{B4C59A26-66E7-43C4-BBDF-ED5371ADCF43}.Release|Any CPU.ActiveCfg = Release|Any CPU
		{B4C59A26-66E7-43C4-BBDF-ED5371ADCF43}.Release|Any CPU.Build.0 = Release|Any CPU
		{B4C59A26-66E7-43C4-BBDF-ED5371ADCF43}.Release|Any CPU.Deploy.0 = Release|Any CPU
		{B4C59A26-66E7-43C4-BBDF-ED5371ADCF43}.Release|iPhone.ActiveCfg = Release|Any CPU
		{B4C59A26-66E7-43C4-BBDF-ED5371ADCF43}.Release|iPhone.Build.0 = Release|Any CPU
		{B4C59A26-66E7-43C4-BBDF-ED5371ADCF43}.Release|iPhone.Deploy.0 = Release|Any CPU
		{B4C59A26-66E7-43C4-BBDF-ED5371ADCF43}.Release|iPhoneSimulator.ActiveCfg = Release|Any CPU
		{B4C59A26-66E7-43C4-BBDF-ED5371ADCF43}.Release|iPhoneSimulator.Build.0 = Release|Any CPU
		{B4C59A26-66E7-43C4-BBDF-ED5371ADCF43}.Release|iPhoneSimulator.Deploy.0 = Release|Any CPU
		{EE5CDDB1-AB97-4161-98A6-FAA5F5693383}.Debug|Any CPU.ActiveCfg = Debug|Any CPU
		{EE5CDDB1-AB97-4161-98A6-FAA5F5693383}.Debug|Any CPU.Build.0 = Debug|Any CPU
		{EE5CDDB1-AB97-4161-98A6-FAA5F5693383}.Debug|iPhone.ActiveCfg = Debug|Any CPU
		{EE5CDDB1-AB97-4161-98A6-FAA5F5693383}.Debug|iPhone.Build.0 = Debug|Any CPU
		{EE5CDDB1-AB97-4161-98A6-FAA5F5693383}.Debug|iPhoneSimulator.ActiveCfg = Debug|Any CPU
		{EE5CDDB1-AB97-4161-98A6-FAA5F5693383}.Debug|iPhoneSimulator.Build.0 = Debug|Any CPU
		{EE5CDDB1-AB97-4161-98A6-FAA5F5693383}.Release|Any CPU.ActiveCfg = Release|Any CPU
		{EE5CDDB1-AB97-4161-98A6-FAA5F5693383}.Release|Any CPU.Build.0 = Release|Any CPU
		{EE5CDDB1-AB97-4161-98A6-FAA5F5693383}.Release|iPhone.ActiveCfg = Release|Any CPU
		{EE5CDDB1-AB97-4161-98A6-FAA5F5693383}.Release|iPhone.Build.0 = Release|Any CPU
		{EE5CDDB1-AB97-4161-98A6-FAA5F5693383}.Release|iPhoneSimulator.ActiveCfg = Release|Any CPU
		{EE5CDDB1-AB97-4161-98A6-FAA5F5693383}.Release|iPhoneSimulator.Build.0 = Release|Any CPU
	EndGlobalSection
	GlobalSection(SolutionProperties) = preSolution
		HideSolutionNode = FALSE
	EndGlobalSection
	GlobalSection(ExtensibilityGlobals) = postSolution
		SolutionGuid = {83637019-882D-4D6D-B2A2-2C89DA41C25B}
	EndGlobalSection
EndGlobal
