
Microsoft Visual Studio Solution File, Format Version 12.00
# Visual Studio Version 16
VisualStudioVersion = 16.0.29519.87
MinimumVisualStudioVersion = 10.0.40219.1
Project("{FAE04EC0-301F-11D3-BF4B-00C04F79EFBC}") = "ARPEGOS_Project.UWP", "ARPEGOS_Project.UWP\ARPEGOS_Project.UWP.csproj", "{72CA9347-8F86-4C1E-9655-DD572C9347AF}"
EndProject
Project("{FAE04EC0-301F-11D3-BF4B-00C04F79EFBC}") = "ARPEGOS_Project.Android", "ARPEGOS_Project.Android\ARPEGOS_Project.Android.csproj", "{9A78CF1B-EB66-44AA-8F0B-5B9C2D3DE187}"
EndProject
Project("{FAE04EC0-301F-11D3-BF4B-00C04F79EFBC}") = "ARPEGOS_Project.iOS", "ARPEGOS_Project.iOS\ARPEGOS_Project.iOS.csproj", "{C4E78FD3-6E17-4D95-BB1E-AD3FD6EB0B70}"
EndProject
Project("{FAE04EC0-301F-11D3-BF4B-00C04F79EFBC}") = "ARPEGOS_Project", "ARPEGOS_Project\ARPEGOS_Project.csproj", "{9A0BC1F7-9C0F-4804-9061-36D4912DDB27}"
EndProject
Global
	GlobalSection(SolutionConfigurationPlatforms) = preSolution
		Debug|Any CPU = Debug|Any CPU
		Debug|ARM = Debug|ARM
		Debug|iPhone = Debug|iPhone
		Debug|iPhoneSimulator = Debug|iPhoneSimulator
		Debug|x64 = Debug|x64
		Debug|x86 = Debug|x86
		Release|Any CPU = Release|Any CPU
		Release|ARM = Release|ARM
		Release|iPhone = Release|iPhone
		Release|iPhoneSimulator = Release|iPhoneSimulator
		Release|x64 = Release|x64
		Release|x86 = Release|x86
	EndGlobalSection
	GlobalSection(ProjectConfigurationPlatforms) = postSolution
		{72CA9347-8F86-4C1E-9655-DD572C9347AF}.Debug|Any CPU.ActiveCfg = Debug|x86
		{72CA9347-8F86-4C1E-9655-DD572C9347AF}.Debug|Any CPU.Build.0 = Debug|x86
		{72CA9347-8F86-4C1E-9655-DD572C9347AF}.Debug|Any CPU.Deploy.0 = Debug|x86
		{72CA9347-8F86-4C1E-9655-DD572C9347AF}.Debug|ARM.ActiveCfg = Debug|ARM
		{72CA9347-8F86-4C1E-9655-DD572C9347AF}.Debug|ARM.Build.0 = Debug|ARM
		{72CA9347-8F86-4C1E-9655-DD572C9347AF}.Debug|ARM.Deploy.0 = Debug|ARM
		{72CA9347-8F86-4C1E-9655-DD572C9347AF}.Debug|iPhone.ActiveCfg = Debug|x86
		{72CA9347-8F86-4C1E-9655-DD572C9347AF}.Debug|iPhone.Build.0 = Debug|x86
		{72CA9347-8F86-4C1E-9655-DD572C9347AF}.Debug|iPhone.Deploy.0 = Debug|x86
		{72CA9347-8F86-4C1E-9655-DD572C9347AF}.Debug|iPhoneSimulator.ActiveCfg = Debug|x86
		{72CA9347-8F86-4C1E-9655-DD572C9347AF}.Debug|iPhoneSimulator.Build.0 = Debug|x86
		{72CA9347-8F86-4C1E-9655-DD572C9347AF}.Debug|iPhoneSimulator.Deploy.0 = Debug|x86
		{72CA9347-8F86-4C1E-9655-DD572C9347AF}.Debug|x64.ActiveCfg = Debug|x64
		{72CA9347-8F86-4C1E-9655-DD572C9347AF}.Debug|x64.Build.0 = Debug|x64
		{72CA9347-8F86-4C1E-9655-DD572C9347AF}.Debug|x64.Deploy.0 = Debug|x64
		{72CA9347-8F86-4C1E-9655-DD572C9347AF}.Debug|x86.ActiveCfg = Debug|x86
		{72CA9347-8F86-4C1E-9655-DD572C9347AF}.Debug|x86.Build.0 = Debug|x86
		{72CA9347-8F86-4C1E-9655-DD572C9347AF}.Debug|x86.Deploy.0 = Debug|x86
		{72CA9347-8F86-4C1E-9655-DD572C9347AF}.Release|Any CPU.ActiveCfg = Release|x86
		{72CA9347-8F86-4C1E-9655-DD572C9347AF}.Release|Any CPU.Build.0 = Release|x86
		{72CA9347-8F86-4C1E-9655-DD572C9347AF}.Release|Any CPU.Deploy.0 = Release|x86
		{72CA9347-8F86-4C1E-9655-DD572C9347AF}.Release|ARM.ActiveCfg = Release|ARM
		{72CA9347-8F86-4C1E-9655-DD572C9347AF}.Release|ARM.Build.0 = Release|ARM
		{72CA9347-8F86-4C1E-9655-DD572C9347AF}.Release|ARM.Deploy.0 = Release|ARM
		{72CA9347-8F86-4C1E-9655-DD572C9347AF}.Release|iPhone.ActiveCfg = Release|x86
		{72CA9347-8F86-4C1E-9655-DD572C9347AF}.Release|iPhone.Build.0 = Release|x86
		{72CA9347-8F86-4C1E-9655-DD572C9347AF}.Release|iPhone.Deploy.0 = Release|x86
		{72CA9347-8F86-4C1E-9655-DD572C9347AF}.Release|iPhoneSimulator.ActiveCfg = Release|x86
		{72CA9347-8F86-4C1E-9655-DD572C9347AF}.Release|iPhoneSimulator.Build.0 = Release|x86
		{72CA9347-8F86-4C1E-9655-DD572C9347AF}.Release|iPhoneSimulator.Deploy.0 = Release|x86
		{72CA9347-8F86-4C1E-9655-DD572C9347AF}.Release|x64.ActiveCfg = Release|x64
		{72CA9347-8F86-4C1E-9655-DD572C9347AF}.Release|x64.Build.0 = Release|x64
		{72CA9347-8F86-4C1E-9655-DD572C9347AF}.Release|x64.Deploy.0 = Release|x64
		{72CA9347-8F86-4C1E-9655-DD572C9347AF}.Release|x86.ActiveCfg = Release|x86
		{72CA9347-8F86-4C1E-9655-DD572C9347AF}.Release|x86.Build.0 = Release|x86
		{72CA9347-8F86-4C1E-9655-DD572C9347AF}.Release|x86.Deploy.0 = Release|x86
		{9A78CF1B-EB66-44AA-8F0B-5B9C2D3DE187}.Debug|Any CPU.ActiveCfg = Debug|Any CPU
		{9A78CF1B-EB66-44AA-8F0B-5B9C2D3DE187}.Debug|Any CPU.Build.0 = Debug|Any CPU
		{9A78CF1B-EB66-44AA-8F0B-5B9C2D3DE187}.Debug|Any CPU.Deploy.0 = Debug|Any CPU
		{9A78CF1B-EB66-44AA-8F0B-5B9C2D3DE187}.Debug|ARM.ActiveCfg = Debug|Any CPU
		{9A78CF1B-EB66-44AA-8F0B-5B9C2D3DE187}.Debug|ARM.Build.0 = Debug|Any CPU
		{9A78CF1B-EB66-44AA-8F0B-5B9C2D3DE187}.Debug|ARM.Deploy.0 = Debug|Any CPU
		{9A78CF1B-EB66-44AA-8F0B-5B9C2D3DE187}.Debug|iPhone.ActiveCfg = Debug|Any CPU
		{9A78CF1B-EB66-44AA-8F0B-5B9C2D3DE187}.Debug|iPhone.Build.0 = Debug|Any CPU
		{9A78CF1B-EB66-44AA-8F0B-5B9C2D3DE187}.Debug|iPhone.Deploy.0 = Debug|Any CPU
		{9A78CF1B-EB66-44AA-8F0B-5B9C2D3DE187}.Debug|iPhoneSimulator.ActiveCfg = Debug|Any CPU
		{9A78CF1B-EB66-44AA-8F0B-5B9C2D3DE187}.Debug|iPhoneSimulator.Build.0 = Debug|Any CPU
		{9A78CF1B-EB66-44AA-8F0B-5B9C2D3DE187}.Debug|iPhoneSimulator.Deploy.0 = Debug|Any CPU
		{9A78CF1B-EB66-44AA-8F0B-5B9C2D3DE187}.Debug|x64.ActiveCfg = Debug|Any CPU
		{9A78CF1B-EB66-44AA-8F0B-5B9C2D3DE187}.Debug|x64.Build.0 = Debug|Any CPU
		{9A78CF1B-EB66-44AA-8F0B-5B9C2D3DE187}.Debug|x64.Deploy.0 = Debug|Any CPU
		{9A78CF1B-EB66-44AA-8F0B-5B9C2D3DE187}.Debug|x86.ActiveCfg = Debug|Any CPU
		{9A78CF1B-EB66-44AA-8F0B-5B9C2D3DE187}.Debug|x86.Build.0 = Debug|Any CPU
		{9A78CF1B-EB66-44AA-8F0B-5B9C2D3DE187}.Debug|x86.Deploy.0 = Debug|Any CPU
		{9A78CF1B-EB66-44AA-8F0B-5B9C2D3DE187}.Release|Any CPU.ActiveCfg = Release|Any CPU
		{9A78CF1B-EB66-44AA-8F0B-5B9C2D3DE187}.Release|Any CPU.Build.0 = Release|Any CPU
		{9A78CF1B-EB66-44AA-8F0B-5B9C2D3DE187}.Release|Any CPU.Deploy.0 = Release|Any CPU
		{9A78CF1B-EB66-44AA-8F0B-5B9C2D3DE187}.Release|ARM.ActiveCfg = Release|Any CPU
		{9A78CF1B-EB66-44AA-8F0B-5B9C2D3DE187}.Release|ARM.Build.0 = Release|Any CPU
		{9A78CF1B-EB66-44AA-8F0B-5B9C2D3DE187}.Release|ARM.Deploy.0 = Release|Any CPU
		{9A78CF1B-EB66-44AA-8F0B-5B9C2D3DE187}.Release|iPhone.ActiveCfg = Release|Any CPU
		{9A78CF1B-EB66-44AA-8F0B-5B9C2D3DE187}.Release|iPhone.Build.0 = Release|Any CPU
		{9A78CF1B-EB66-44AA-8F0B-5B9C2D3DE187}.Release|iPhone.Deploy.0 = Release|Any CPU
		{9A78CF1B-EB66-44AA-8F0B-5B9C2D3DE187}.Release|iPhoneSimulator.ActiveCfg = Release|Any CPU
		{9A78CF1B-EB66-44AA-8F0B-5B9C2D3DE187}.Release|iPhoneSimulator.Build.0 = Release|Any CPU
		{9A78CF1B-EB66-44AA-8F0B-5B9C2D3DE187}.Release|iPhoneSimulator.Deploy.0 = Release|Any CPU
		{9A78CF1B-EB66-44AA-8F0B-5B9C2D3DE187}.Release|x64.ActiveCfg = Release|Any CPU
		{9A78CF1B-EB66-44AA-8F0B-5B9C2D3DE187}.Release|x64.Build.0 = Release|Any CPU
		{9A78CF1B-EB66-44AA-8F0B-5B9C2D3DE187}.Release|x64.Deploy.0 = Release|Any CPU
		{9A78CF1B-EB66-44AA-8F0B-5B9C2D3DE187}.Release|x86.ActiveCfg = Release|Any CPU
		{9A78CF1B-EB66-44AA-8F0B-5B9C2D3DE187}.Release|x86.Build.0 = Release|Any CPU
		{9A78CF1B-EB66-44AA-8F0B-5B9C2D3DE187}.Release|x86.Deploy.0 = Release|Any CPU
		{C4E78FD3-6E17-4D95-BB1E-AD3FD6EB0B70}.Debug|Any CPU.ActiveCfg = Debug|iPhone
		{C4E78FD3-6E17-4D95-BB1E-AD3FD6EB0B70}.Debug|Any CPU.Build.0 = Debug|iPhone
		{C4E78FD3-6E17-4D95-BB1E-AD3FD6EB0B70}.Debug|Any CPU.Deploy.0 = Debug|iPhone
		{C4E78FD3-6E17-4D95-BB1E-AD3FD6EB0B70}.Debug|ARM.ActiveCfg = Debug|iPhoneSimulator
		{C4E78FD3-6E17-4D95-BB1E-AD3FD6EB0B70}.Debug|ARM.Build.0 = Debug|iPhoneSimulator
		{C4E78FD3-6E17-4D95-BB1E-AD3FD6EB0B70}.Debug|ARM.Deploy.0 = Debug|iPhoneSimulator
		{C4E78FD3-6E17-4D95-BB1E-AD3FD6EB0B70}.Debug|iPhone.ActiveCfg = Debug|iPhone
		{C4E78FD3-6E17-4D95-BB1E-AD3FD6EB0B70}.Debug|iPhone.Build.0 = Debug|iPhone
		{C4E78FD3-6E17-4D95-BB1E-AD3FD6EB0B70}.Debug|iPhone.Deploy.0 = Debug|iPhone
		{C4E78FD3-6E17-4D95-BB1E-AD3FD6EB0B70}.Debug|iPhoneSimulator.ActiveCfg = Debug|iPhoneSimulator
		{C4E78FD3-6E17-4D95-BB1E-AD3FD6EB0B70}.Debug|iPhoneSimulator.Build.0 = Debug|iPhoneSimulator
		{C4E78FD3-6E17-4D95-BB1E-AD3FD6EB0B70}.Debug|iPhoneSimulator.Deploy.0 = Debug|iPhoneSimulator
		{C4E78FD3-6E17-4D95-BB1E-AD3FD6EB0B70}.Debug|x64.ActiveCfg = Debug|iPhone
		{C4E78FD3-6E17-4D95-BB1E-AD3FD6EB0B70}.Debug|x64.Build.0 = Debug|iPhone
		{C4E78FD3-6E17-4D95-BB1E-AD3FD6EB0B70}.Debug|x64.Deploy.0 = Debug|iPhone
		{C4E78FD3-6E17-4D95-BB1E-AD3FD6EB0B70}.Debug|x86.ActiveCfg = Debug|iPhone
		{C4E78FD3-6E17-4D95-BB1E-AD3FD6EB0B70}.Debug|x86.Build.0 = Debug|iPhone
		{C4E78FD3-6E17-4D95-BB1E-AD3FD6EB0B70}.Debug|x86.Deploy.0 = Debug|iPhone
		{C4E78FD3-6E17-4D95-BB1E-AD3FD6EB0B70}.Release|Any CPU.ActiveCfg = Release|iPhone
		{C4E78FD3-6E17-4D95-BB1E-AD3FD6EB0B70}.Release|Any CPU.Build.0 = Release|iPhone
		{C4E78FD3-6E17-4D95-BB1E-AD3FD6EB0B70}.Release|Any CPU.Deploy.0 = Release|iPhone
		{C4E78FD3-6E17-4D95-BB1E-AD3FD6EB0B70}.Release|ARM.ActiveCfg = Release|iPhone
		{C4E78FD3-6E17-4D95-BB1E-AD3FD6EB0B70}.Release|ARM.Build.0 = Release|iPhone
		{C4E78FD3-6E17-4D95-BB1E-AD3FD6EB0B70}.Release|ARM.Deploy.0 = Release|iPhone
		{C4E78FD3-6E17-4D95-BB1E-AD3FD6EB0B70}.Release|iPhone.ActiveCfg = Release|iPhone
		{C4E78FD3-6E17-4D95-BB1E-AD3FD6EB0B70}.Release|iPhone.Build.0 = Release|iPhone
		{C4E78FD3-6E17-4D95-BB1E-AD3FD6EB0B70}.Release|iPhone.Deploy.0 = Release|iPhone
		{C4E78FD3-6E17-4D95-BB1E-AD3FD6EB0B70}.Release|iPhoneSimulator.ActiveCfg = Release|iPhoneSimulator
		{C4E78FD3-6E17-4D95-BB1E-AD3FD6EB0B70}.Release|iPhoneSimulator.Build.0 = Release|iPhoneSimulator
		{C4E78FD3-6E17-4D95-BB1E-AD3FD6EB0B70}.Release|iPhoneSimulator.Deploy.0 = Release|iPhoneSimulator
		{C4E78FD3-6E17-4D95-BB1E-AD3FD6EB0B70}.Release|x64.ActiveCfg = Release|iPhone
		{C4E78FD3-6E17-4D95-BB1E-AD3FD6EB0B70}.Release|x64.Build.0 = Release|iPhone
		{C4E78FD3-6E17-4D95-BB1E-AD3FD6EB0B70}.Release|x64.Deploy.0 = Release|iPhone
		{C4E78FD3-6E17-4D95-BB1E-AD3FD6EB0B70}.Release|x86.ActiveCfg = Release|iPhone
		{C4E78FD3-6E17-4D95-BB1E-AD3FD6EB0B70}.Release|x86.Build.0 = Release|iPhone
		{C4E78FD3-6E17-4D95-BB1E-AD3FD6EB0B70}.Release|x86.Deploy.0 = Release|iPhone
		{9A0BC1F7-9C0F-4804-9061-36D4912DDB27}.Debug|Any CPU.ActiveCfg = Debug|Any CPU
		{9A0BC1F7-9C0F-4804-9061-36D4912DDB27}.Debug|Any CPU.Build.0 = Debug|Any CPU
		{9A0BC1F7-9C0F-4804-9061-36D4912DDB27}.Debug|Any CPU.Deploy.0 = Debug|Any CPU
		{9A0BC1F7-9C0F-4804-9061-36D4912DDB27}.Debug|ARM.ActiveCfg = Debug|Any CPU
		{9A0BC1F7-9C0F-4804-9061-36D4912DDB27}.Debug|ARM.Build.0 = Debug|Any CPU
		{9A0BC1F7-9C0F-4804-9061-36D4912DDB27}.Debug|ARM.Deploy.0 = Debug|Any CPU
		{9A0BC1F7-9C0F-4804-9061-36D4912DDB27}.Debug|iPhone.ActiveCfg = Debug|Any CPU
		{9A0BC1F7-9C0F-4804-9061-36D4912DDB27}.Debug|iPhone.Build.0 = Debug|Any CPU
		{9A0BC1F7-9C0F-4804-9061-36D4912DDB27}.Debug|iPhone.Deploy.0 = Debug|Any CPU
		{9A0BC1F7-9C0F-4804-9061-36D4912DDB27}.Debug|iPhoneSimulator.ActiveCfg = Debug|Any CPU
		{9A0BC1F7-9C0F-4804-9061-36D4912DDB27}.Debug|iPhoneSimulator.Build.0 = Debug|Any CPU
		{9A0BC1F7-9C0F-4804-9061-36D4912DDB27}.Debug|iPhoneSimulator.Deploy.0 = Debug|Any CPU
		{9A0BC1F7-9C0F-4804-9061-36D4912DDB27}.Debug|x64.ActiveCfg = Debug|Any CPU
		{9A0BC1F7-9C0F-4804-9061-36D4912DDB27}.Debug|x64.Build.0 = Debug|Any CPU
		{9A0BC1F7-9C0F-4804-9061-36D4912DDB27}.Debug|x64.Deploy.0 = Debug|Any CPU
		{9A0BC1F7-9C0F-4804-9061-36D4912DDB27}.Debug|x86.ActiveCfg = Debug|Any CPU
		{9A0BC1F7-9C0F-4804-9061-36D4912DDB27}.Debug|x86.Build.0 = Debug|Any CPU
		{9A0BC1F7-9C0F-4804-9061-36D4912DDB27}.Debug|x86.Deploy.0 = Debug|Any CPU
		{9A0BC1F7-9C0F-4804-9061-36D4912DDB27}.Release|Any CPU.ActiveCfg = Release|Any CPU
		{9A0BC1F7-9C0F-4804-9061-36D4912DDB27}.Release|Any CPU.Build.0 = Release|Any CPU
		{9A0BC1F7-9C0F-4804-9061-36D4912DDB27}.Release|Any CPU.Deploy.0 = Release|Any CPU
		{9A0BC1F7-9C0F-4804-9061-36D4912DDB27}.Release|ARM.ActiveCfg = Release|Any CPU
		{9A0BC1F7-9C0F-4804-9061-36D4912DDB27}.Release|ARM.Build.0 = Release|Any CPU
		{9A0BC1F7-9C0F-4804-9061-36D4912DDB27}.Release|ARM.Deploy.0 = Release|Any CPU
		{9A0BC1F7-9C0F-4804-9061-36D4912DDB27}.Release|iPhone.ActiveCfg = Release|Any CPU
		{9A0BC1F7-9C0F-4804-9061-36D4912DDB27}.Release|iPhone.Build.0 = Release|Any CPU
		{9A0BC1F7-9C0F-4804-9061-36D4912DDB27}.Release|iPhone.Deploy.0 = Release|Any CPU
		{9A0BC1F7-9C0F-4804-9061-36D4912DDB27}.Release|iPhoneSimulator.ActiveCfg = Release|Any CPU
		{9A0BC1F7-9C0F-4804-9061-36D4912DDB27}.Release|iPhoneSimulator.Build.0 = Release|Any CPU
		{9A0BC1F7-9C0F-4804-9061-36D4912DDB27}.Release|iPhoneSimulator.Deploy.0 = Release|Any CPU
		{9A0BC1F7-9C0F-4804-9061-36D4912DDB27}.Release|x64.ActiveCfg = Release|Any CPU
		{9A0BC1F7-9C0F-4804-9061-36D4912DDB27}.Release|x64.Build.0 = Release|Any CPU
		{9A0BC1F7-9C0F-4804-9061-36D4912DDB27}.Release|x64.Deploy.0 = Release|Any CPU
		{9A0BC1F7-9C0F-4804-9061-36D4912DDB27}.Release|x86.ActiveCfg = Release|Any CPU
		{9A0BC1F7-9C0F-4804-9061-36D4912DDB27}.Release|x86.Build.0 = Release|Any CPU
		{9A0BC1F7-9C0F-4804-9061-36D4912DDB27}.Release|x86.Deploy.0 = Release|Any CPU
	EndGlobalSection
	GlobalSection(SolutionProperties) = preSolution
		HideSolutionNode = FALSE
	EndGlobalSection
	GlobalSection(ExtensibilityGlobals) = postSolution
		SolutionGuid = {2D91DD26-DADA-404F-ABF7-EDC9B7659F70}
	EndGlobalSection
EndGlobal
